dependencies:
- name: common-microservice
  repository: file://../common-microservice
  version: 0.1.0
- name: accounts
  repository: file://../accounts
  version: 0.1.0
- name: cash
  repository: file://../cash
  version: 0.1.0
- name: transfer
  repository: file://../transfer
  version: 0.1.0
- name: notifications
  repository: file://../notifications
  version: 0.1.0
- name: front-ui
  repository: file://../front-ui
  version: 0.1.0
- name: keycloak-realm
  repository: file://../keycloak-realm
  version: 0.1.0
- name: keycloak
  repository: https://charts.bitnami.com/bitnami
  version: 25.2.0
- name: kafka
  repository: https://charts.bitnami.com/bitnami
  version: 31.5.0
- name: zipkin
  repository: file://../zipkin
  version: 0.1.0
- name: prometheus
  repository: file://../prometheus
  version: 0.1.0
- name: grafana
  repository: file://../grafana
  version: 0.1.0
- name: elk
  repository: file://../elk
  version: 0.1.0
digest: sha256:1747c2e3bc936faef3780ca82f0747a2269c9fb49e878746eb6723875a494ff8
generated: "2026-08-14T17:19:35.994069+03:00"
